// !$*UTF8*$!
{
	archiveVersion = 1;
	classes = {
	};
	objectVersion = 48;
	objects = {

/* Begin PBXBuildFile section */
		73DFED9DB21DEB6EECCC4918 /* Pods_ChatApp_ChatApp.framework in Frameworks */ = {isa = PBXBuildFile; fileRef = D5C22FE2FDB681BA768BEB4A /* Pods_ChatApp_ChatApp.framework */; };
		C022F7E72058EC0A003DDD18 /* GoogleService-Info.plist in Resources */ = {isa = PBXBuildFile; fileRef = C022F7E62058EC0A003DDD18 /* GoogleService-Info.plist */; };
		C07965902058BE55007A18A9 /* AppDelegate.swift in Sources */ = {isa = PBXBuildFile; fileRef = C079658F2058BE55007A18A9 /* AppDelegate.swift */; };
		C07965922058BE55007A18A9 /* ViewController.swift in Sources */ = {isa = PBXBuildFile; fileRef = C07965912058BE55007A18A9 /* ViewController.swift */; };
		C07965952058BE55007A18A9 /* Main.storyboard in Resources */ = {isa = PBXBuildFile; fileRef = C07965932058BE55007A18A9 /* Main.storyboard */; };
		C07965972058BE55007A18A9 /* Assets.xcassets in Resources */ = {isa = PBXBuildFile; fileRef = C07965962058BE55007A18A9 /* Assets.xcassets */; };
		C079659A2058BE55007A18A9 /* LaunchScreen.storyboard in Resources */ = {isa = PBXBuildFile; fileRef = C07965982058BE55007A18A9 /* LaunchScreen.storyboard */; };
		C07965A52058BE56007A18A9 /* ChatAppTests.swift in Sources */ = {isa = PBXBuildFile; fileRef = C07965A42058BE56007A18A9 /* ChatAppTests.swift */; };
		C07965B02058BE56007A18A9 /* ChatAppUITests.swift in Sources */ = {isa = PBXBuildFile; fileRef = C07965AF2058BE56007A18A9 /* ChatAppUITests.swift */; };
		EF2157B39F8311A1586DA8F9 /* Pods_ChatApp.framework in Frameworks */ = {isa = PBXBuildFile; fileRef = 01440C7D15AFCAC304417070 /* Pods_ChatApp.framework */; };
/* End PBXBuildFile section */

/* Begin PBXContainerItemProxy section */
		C07965A12058BE56007A18A9 /* PBXContainerItemProxy */ = {
			isa = PBXContainerItemProxy;
			containerPortal = C07965842058BE55007A18A9 /* Project object */;
			proxyType = 1;
			remoteGlobalIDString = C079658B2058BE55007A18A9;
			remoteInfo = ChatApp;
		};
		C07965AC2058BE56007A18A9 /* PBXContainerItemProxy */ = {
			isa = PBXContainerItemProxy;
			containerPortal = C07965842058BE55007A18A9 /* Project object */;
			proxyType = 1;
			remoteGlobalIDString = C079658B2058BE55007A18A9;
			remoteInfo = ChatApp;
		};
/* End PBXContainerItemProxy section */

/* Begin PBXFileReference section */
		01440C7D15AFCAC304417070 /* Pods_ChatApp.framework */ = {isa = PBXFileReference; explicitFileType = wrapper.framework; includeInIndex = 0; path = Pods_ChatApp.framework; sourceTree = BUILT_PRODUCTS_DIR; };
		A165C7A28C9C07D410B9A5A1 /* Pods-ChatApp.debug.xcconfig */ = {isa = PBXFileReference; includeInIndex = 1; lastKnownFileType = text.xcconfig; name = "Pods-ChatApp.debug.xcconfig"; path = "Pods/Target Support Files/Pods-ChatApp/Pods-ChatApp.debug.xcconfig"; sourceTree = "<group>"; };
		C022F7E62058EC0A003DDD18 /* GoogleService-Info.plist */ = {isa = PBXFileReference; fileEncoding = 4; lastKnownFileType = text.plist.xml; name = "GoogleService-Info.plist"; path = "../../../Downloads/GoogleService-Info.plist"; sourceTree = "<group>"; };
		C079658C2058BE55007A18A9 /* ChatApp.app */ = {isa = PBXFileReference; explicitFileType = wrapper.application; includeInIndex = 0; path = ChatApp.app; sourceTree = BUILT_PRODUCTS_DIR; };
		C079658F2058BE55007A18A9 /* AppDelegate.swift */ = {isa = PBXFileReference; lastKnownFileType = sourcecode.swift; path = AppDelegate.swift; sourceTree = "<group>"; };
		C07965912058BE55007A18A9 /* ViewController.swift */ = {isa = PBXFileReference; lastKnownFileType = sourcecode.swift; path = ViewController.swift; sourceTree = "<group>"; };
		C07965942058BE55007A18A9 /* Base */ = {isa = PBXFileReference; lastKnownFileType = file.storyboard; name = Base; path = Base.lproj/Main.storyboard; sourceTree = "<group>"; };
		C07965962058BE55007A18A9 /* Assets.xcassets */ = {isa = PBXFileReference; lastKnownFileType = folder.assetcatalog; path = Assets.xcassets; sourceTree = "<group>"; };
		C07965992058BE55007A18A9 /* Base */ = {isa = PBXFileReference; lastKnownFileType = file.storyboard; name = Base; path = Base.lproj/LaunchScreen.storyboard; sourceTree = "<group>"; };
		C079659B2058BE55007A18A9 /* Info.plist */ = {isa = PBXFileReference; lastKnownFileType = text.plist.xml; path = Info.plist; sourceTree = "<group>"; };
		C07965A02058BE56007A18A9 /* ChatAppTests.xctest */ = {isa = PBXFileReference; explicitFileType = wrapper.cfbundle; includeInIndex = 0; path = ChatAppTests.xctest; sourceTree = BUILT_PRODUCTS_DIR; };
		C07965A42058BE56007A18A9 /* ChatAppTests.swift */ = {isa = PBXFileReference; lastKnownFileType = sourcecode.swift; path = ChatAppTests.swift; sourceTree = "<group>"; };
		C07965A62058BE56007A18A9 /* Info.plist */ = {isa = PBXFileReference; lastKnownFileType = text.plist.xml; path = Info.plist; sourceTree = "<group>"; };
		C07965AB2058BE56007A18A9 /* ChatAppUITests.xctest */ = {isa = PBXFileReference; explicitFileType = wrapper.cfbundle; includeInIndex = 0; path = ChatAppUITests.xctest; sourceTree = BUILT_PRODUCTS_DIR; };
		C07965AF2058BE56007A18A9 /* ChatAppUITests.swift */ = {isa = PBXFileReference; lastKnownFileType = sourcecode.swift; path = ChatAppUITests.swift; sourceTree = "<group>"; };
		C07965B12058BE56007A18A9 /* Info.plist */ = {isa = PBXFileReference; lastKnownFileType = text.plist.xml; path = Info.plist; sourceTree = "<group>"; };
		C1DDA13DD2FC7D988E3C191F /* Pods-ChatApp-ChatApp.release.xcconfig */ = {isa = PBXFileReference; includeInIndex = 1; lastKnownFileType = text.xcconfig; name = "Pods-ChatApp-ChatApp.release.xcconfig"; path = "Pods/Target Support Files/Pods-ChatApp-ChatApp/Pods-ChatApp-ChatApp.release.xcconfig"; sourceTree = "<group>"; };
		D5C22FE2FDB681BA768BEB4A /* Pods_ChatApp_ChatApp.framework */ = {isa = PBXFileReference; explicitFileType = wrapper.framework; includeInIndex = 0; path = Pods_ChatApp_ChatApp.framework; sourceTree = BUILT_PRODUCTS_DIR; };
		DBC5D6949E5C047763FB422D /* Pods-ChatApp.release.xcconfig */ = {isa = PBXFileReference; includeInIndex = 1; lastKnownFileType = text.xcconfig; name = "Pods-ChatApp.release.xcconfig"; path = "Pods/Target Support Files/Pods-ChatApp/Pods-ChatApp.release.xcconfig"; sourceTree = "<group>"; };
		F374D625988C34DCD4EB8132 /* Pods-ChatApp-ChatApp.debug.xcconfig */ = {isa = PBXFileReference; includeInIndex = 1; lastKnownFileType = text.xcconfig; name = "Pods-ChatApp-ChatApp.debug.xcconfig"; path = "Pods/Target Support Files/Pods-ChatApp-ChatApp/Pods-ChatApp-ChatApp.debug.xcconfig"; sourceTree = "<group>"; };
/* End PBXFileReference section */

/* Begin PBXFrameworksBuildPhase section */
		C07965892058BE55007A18A9 /* Frameworks */ = {
			isa = PBXFrameworksBuildPhase;
			buildActionMask = 2147483647;
			files = (
				EF2157B39F8311A1586DA8F9 /* Pods_ChatApp.framework in Frameworks */,
				73DFED9DB21DEB6EECCC4918 /* Pods_ChatApp_ChatApp.framework in Frameworks */,
			);
			runOnlyForDeploymentPostprocessing = 0;
		};
		C079659D2058BE56007A18A9 /* Frameworks */ = {
			isa = PBXFrameworksBuildPhase;
			buildActionMask = 2147483647;
			files = (
			);
			runOnlyForDeploymentPostprocessing = 0;
		};
		C07965A82058BE56007A18A9 /* Frameworks */ = {
			isa = PBXFrameworksBuildPhase;
			buildActionMask = 2147483647;
			files = (
			);
			runOnlyForDeploymentPostprocessing = 0;
		};
/* End PBXFrameworksBuildPhase section */

/* Begin PBXGroup section */
		C07965832058BE55007A18A9 = {
			isa = PBXGroup;
			children = (
				C079658E2058BE55007A18A9 /* ChatApp */,
				C07965A32058BE56007A18A9 /* ChatAppTests */,
				C07965AE2058BE56007A18A9 /* ChatAppUITests */,
				C079658D2058BE55007A18A9 /* Products */,
				D9763DB7C506213C412AF1EE /* Pods */,
				C9C82A2FF2E81F337712534A /* Frameworks */,
			);
			sourceTree = "<group>";
		};
		C079658D2058BE55007A18A9 /* Products */ = {
			isa = PBXGroup;
			children = (
				C079658C2058BE55007A18A9 /* ChatApp.app */,
				C07965A02058BE56007A18A9 /* ChatAppTests.xctest */,
				C07965AB2058BE56007A18A9 /* ChatAppUITests.xctest */,
			);
			name = Products;
			sourceTree = "<group>";
		};
		C079658E2058BE55007A18A9 /* ChatApp */ = {
			isa = PBXGroup;
			children = (
				C079658F2058BE55007A18A9 /* AppDelegate.swift */,
				C07965912058BE55007A18A9 /* ViewController.swift */,
				C07965932058BE55007A18A9 /* Main.storyboard */,
				C022F7E62058EC0A003DDD18 /* GoogleService-Info.plist */,
				C07965962058BE55007A18A9 /* Assets.xcassets */,
				C07965982058BE55007A18A9 /* LaunchScreen.storyboard */,
				C079659B2058BE55007A18A9 /* Info.plist */,
			);
			path = ChatApp;
			sourceTree = "<group>";
		};
		C07965A32058BE56007A18A9 /* ChatAppTests */ = {
			isa = PBXGroup;
			children = (
				C07965A42058BE56007A18A9 /* ChatAppTests.swift */,
				C07965A62058BE56007A18A9 /* Info.plist */,
			);
			path = ChatAppTests;
			sourceTree = "<group>";
		};
		C07965AE2058BE56007A18A9 /* ChatAppUITests */ = {
			isa = PBXGroup;
			children = (
				C07965AF2058BE56007A18A9 /* ChatAppUITests.swift */,
				C07965B12058BE56007A18A9 /* Info.plist */,
			);
			path = ChatAppUITests;
			sourceTree = "<group>";
		};
		C9C82A2FF2E81F337712534A /* Frameworks */ = {
			isa = PBXGroup;
			children = (
				01440C7D15AFCAC304417070 /* Pods_ChatApp.framework */,
				D5C22FE2FDB681BA768BEB4A /* Pods_ChatApp_ChatApp.framework */,
			);
			name = Frameworks;
			sourceTree = "<group>";
		};
		D9763DB7C506213C412AF1EE /* Pods */ = {
			isa = PBXGroup;
			children = (
				A165C7A28C9C07D410B9A5A1 /* Pods-ChatApp.debug.xcconfig */,
				DBC5D6949E5C047763FB422D /* Pods-ChatApp.release.xcconfig */,
				F374D625988C34DCD4EB8132 /* Pods-ChatApp-ChatApp.debug.xcconfig */,
				C1DDA13DD2FC7D988E3C191F /* Pods-ChatApp-ChatApp.release.xcconfig */,
			);
			name = Pods;
			sourceTree = "<group>";
		};
/* End PBXGroup section */

/* Begin PBXNativeTarget section */
		C079658B2058BE55007A18A9 /* ChatApp */ = {
			isa = PBXNativeTarget;
			buildConfigurationList = C07965B42058BE56007A18A9 /* Build configuration list for PBXNativeTarget "ChatApp" */;
			buildPhases = (
				96298EB546748C4BFAD4FF56 /* [CP] Check Pods Manifest.lock */,
				C07965882058BE55007A18A9 /* Sources */,
				C07965892058BE55007A18A9 /* Frameworks */,
				C079658A2058BE55007A18A9 /* Resources */,
				5B9D7CFE1A2A248CBE4036BC /* [CP] Embed Pods Frameworks */,
				6D56C0B3C2E323BFB45C9A9F /* [CP] Copy Pods Resources */,
			);
			buildRules = (
			);
			dependencies = (
			);
			name = ChatApp;
			productName = ChatApp;
			productReference = C079658C2058BE55007A18A9 /* ChatApp.app */;
			productType = "com.apple.product-type.application";
		};
		C079659F2058BE56007A18A9 /* ChatAppTests */ = {
			isa = PBXNativeTarget;
			buildConfigurationList = C07965B72058BE56007A18A9 /* Build configuration list for PBXNativeTarget "ChatAppTests" */;
			buildPhases = (
				C079659C2058BE56007A18A9 /* Sources */,
				C079659D2058BE56007A18A9 /* Frameworks */,
				C079659E2058BE56007A18A9 /* Resources */,
			);
			buildRules = (
			);
			dependencies = (
				C07965A22058BE56007A18A9 /* PBXTargetDependency */,
			);
			name = ChatAppTests;
			productName = ChatAppTests;
			productReference = C07965A02058BE56007A18A9 /* ChatAppTests.xctest */;
			productType = "com.apple.product-type.bundle.unit-test";
		};
		C07965AA2058BE56007A18A9 /* ChatAppUITests */ = {
			isa = PBXNativeTarget;
			buildConfigurationList = C07965BA2058BE56007A18A9 /* Build configuration list for PBXNativeTarget "ChatAppUITests" */;
			buildPhases = (
				C07965A72058BE56007A18A9 /* Sources */,
				C07965A82058BE56007A18A9 /* Frameworks */,
				C07965A92058BE56007A18A9 /* Resources */,
			);
			buildRules = (
			);
			dependencies = (
				C07965AD2058BE56007A18A9 /* PBXTargetDependency */,
			);
			name = ChatAppUITests;
			productName = ChatAppUITests;
			productReference = C07965AB2058BE56007A18A9 /* ChatAppUITests.xctest */;
			productType = "com.apple.product-type.bundle.ui-testing";
		};
/* End PBXNativeTarget section */

/* Begin PBXProject section */
		C07965842058BE55007A18A9 /* Project object */ = {
			isa = PBXProject;
			attributes = {
				LastSwiftUpdateCheck = 0920;
				LastUpgradeCheck = 0920;
				ORGANIZATIONNAME = example;
				TargetAttributes = {
					C079658B2058BE55007A18A9 = {
						CreatedOnToolsVersion = 9.2;
						ProvisioningStyle = Automatic;
					};
					C079659F2058BE56007A18A9 = {
						CreatedOnToolsVersion = 9.2;
						ProvisioningStyle = Automatic;
						TestTargetID = C079658B2058BE55007A18A9;
					};
					C07965AA2058BE56007A18A9 = {
						CreatedOnToolsVersion = 9.2;
						ProvisioningStyle = Automatic;
						TestTargetID = C079658B2058BE55007A18A9;
					};
				};
			};
			buildConfigurationList = C07965872058BE55007A18A9 /* Build configuration list for PBXProject "ChatApp" */;
			compatibilityVersion = "Xcode 8.0";
			developmentRegion = en;
			hasScannedForEncodings = 0;
			knownRegions = (
				en,
				Base,
			);
			mainGroup = C07965832058BE55007A18A9;
			productRefGroup = C079658D2058BE55007A18A9 /* Products */;
			projectDirPath = "";
			projectRoot = "";
			targets = (
				C079658B2058BE55007A18A9 /* ChatApp */,
				C079659F2058BE56007A18A9 /* ChatAppTests */,
				C07965AA2058BE56007A18A9 /* ChatAppUITests */,
			);
		};
/* End PBXProject section */

/* Begin PBXResourcesBuildPhase section */
		C079658A2058BE55007A18A9 /* Resources */ = {
			isa = PBXResourcesBuildPhase;
			buildActionMask = 2147483647;
			files = (
				C079659A2058BE55007A18A9 /* LaunchScreen.storyboard in Resources */,
				C022F7E72058EC0A003DDD18 /* GoogleService-Info.plist in Resources */,
				C07965972058BE55007A18A9 /* Assets.xcassets in Resources */,
				C07965952058BE55007A18A9 /* Main.storyboard in Resources */,
			);
			runOnlyForDeploymentPostprocessing = 0;
		};
		C079659E2058BE56007A18A9 /* Resources */ = {
			isa = PBXResourcesBuildPhase;
			buildActionMask = 2147483647;
			files = (
			);
			runOnlyForDeploymentPostprocessing = 0;
		};
		C07965A92058BE56007A18A9 /* Resources */ = {
			isa = PBXResourcesBuildPhase;
			buildActionMask = 2147483647;
			files = (
			);
			runOnlyForDeploymentPostprocessing = 0;
		};
/* End PBXResourcesBuildPhase section */

/* Begin PBXShellScriptBuildPhase section */
		5B9D7CFE1A2A248CBE4036BC /* [CP] Embed Pods Frameworks */ = {
			isa = PBXShellScriptBuildPhase;
			buildActionMask = 2147483647;
			files = (
			);
			inputPaths = (
			);
			name = "[CP] Embed Pods Frameworks";
			outputPaths = (
			);
			runOnlyForDeploymentPostprocessing = 0;
			shellPath = /bin/sh;
			shellScript = "\"${SRCROOT}/Pods/Target Support Files/Pods-ChatApp-ChatApp/Pods-ChatApp-ChatApp-frameworks.sh\"\n";
			showEnvVarsInLog = 0;
		};
		6D56C0B3C2E323BFB45C9A9F /* [CP] Copy Pods Resources */ = {
			isa = PBXShellScriptBuildPhase;
			buildActionMask = 2147483647;
			files = (
			);
			inputPaths = (
			);
			name = "[CP] Copy Pods Resources";
			outputPaths = (
			);
			runOnlyForDeploymentPostprocessing = 0;
			shellPath = /bin/sh;
			shellScript = "\"${SRCROOT}/Pods/Target Support Files/Pods-ChatApp-ChatApp/Pods-ChatApp-ChatApp-resources.sh\"\n";
			showEnvVarsInLog = 0;
		};
		96298EB546748C4BFAD4FF56 /* [CP] Check Pods Manifest.lock */ = {
			isa = PBXShellScriptBuildPhase;
			buildActionMask = 2147483647;
			files = (
			);
			inputPaths = (
			);
			name = "[CP] Check Pods Manifest.lock";
			outputPaths = (
			);
			runOnlyForDeploymentPostprocessing = 0;
			shellPath = /bin/sh;
			shellScript = "diff \"${PODS_PODFILE_DIR_PATH}/Podfile.lock\" \"${PODS_ROOT}/Manifest.lock\" > /dev/null\nif [ $? != 0 ] ; then\n    # print error to STDERR\n    echo \"error: The sandbox is not in sync with the Podfile.lock. Run 'pod install' or update your CocoaPods installation.\" >&2\n    exit 1\nfi\n";
			showEnvVarsInLog = 0;
		};
/* End PBXShellScriptBuildPhase section */

/* Begin PBXSourcesBuildPhase section */
		C07965882058BE55007A18A9 /* Sources */ = {
			isa = PBXSourcesBuildPhase;
			buildActionMask = 2147483647;
			files = (
				C07965922058BE55007A18A9 /* ViewController.swift in Sources */,
				C07965902058BE55007A18A9 /* AppDelegate.swift in Sources */,
			);
			runOnlyForDeploymentPostprocessing = 0;
		};
		C079659C2058BE56007A18A9 /* Sources */ = {
			isa = PBXSourcesBuildPhase;
			buildActionMask = 2147483647;
			files = (
				C07965A52058BE56007A18A9 /* ChatAppTests.swift in Sources */,
			);
			runOnlyForDeploymentPostprocessing = 0;
		};
		C07965A72058BE56007A18A9 /* Sources */ = {
			isa = PBXSourcesBuildPhase;
			buildActionMask = 2147483647;
			files = (
				C07965B02058BE56007A18A9 /* ChatAppUITests.swift in Sources */,
			);
			runOnlyForDeploymentPostprocessing = 0;
		};
/* End PBXSourcesBuildPhase section */

/* Begin PBXTargetDependency section */
		C07965A22058BE56007A18A9 /* PBXTargetDependency */ = {
			isa = PBXTargetDependency;
			target = C079658B2058BE55007A18A9 /* ChatApp */;
			targetProxy = C07965A12058BE56007A18A9 /* PBXContainerItemProxy */;
		};
		C07965AD2058BE56007A18A9 /* PBXTargetDependency */ = {
			isa = PBXTargetDependency;
			target = C079658B2058BE55007A18A9 /* ChatApp */;
			targetProxy = C07965AC2058BE56007A18A9 /* PBXContainerItemProxy */;
		};
/* End PBXTargetDependency section */

/* Begin PBXVariantGroup section */
		C07965932058BE55007A18A9 /* Main.storyboard */ = {
			isa = PBXVariantGroup;
			children = (
				C07965942058BE55007A18A9 /* Base */,
			);
			name = Main.storyboard;
			sourceTree = "<group>";
		};
		C07965982058BE55007A18A9 /* LaunchScreen.storyboard */ = {
			isa = PBXVariantGroup;
			children = (
				C07965992058BE55007A18A9 /* Base */,
			);
			name = LaunchScreen.storyboard;
			sourceTree = "<group>";
		};
/* End PBXVariantGroup section */

/* Begin XCBuildConfiguration section */
		C07965B22058BE56007A18A9 /* Debug */ = {
			isa = XCBuildConfiguration;
			buildSettings = {
				ALWAYS_SEARCH_USER_PATHS = NO;
				CLANG_ANALYZER_NONNULL = YES;
				CLANG_ANALYZER_NUMBER_OBJECT_CONVERSION = YES_AGGRESSIVE;
				CLANG_CXX_LANGUAGE_STANDARD = "gnu++14";
				CLANG_CXX_LIBRARY = "libc++";
				CLANG_ENABLE_MODULES = YES;
				CLANG_ENABLE_OBJC_ARC = YES;
				CLANG_WARN_BLOCK_CAPTURE_AUTORELEASING = YES;
				CLANG_WARN_BOOL_CONVERSION = YES;
				CLANG_WARN_COMMA = YES;
				CLANG_WARN_CONSTANT_CONVERSION = YES;
				CLANG_WARN_DIRECT_OBJC_ISA_USAGE = YES_ERROR;
				CLANG_WARN_DOCUMENTATION_COMMENTS = YES;
				CLANG_WARN_EMPTY_BODY = YES;
				CLANG_WARN_ENUM_CONVERSION = YES;
				CLANG_WARN_INFINITE_RECURSION = YES;
				CLANG_WARN_INT_CONVERSION = YES;
				CLANG_WARN_NON_LITERAL_NULL_CONVERSION = YES;
				CLANG_WARN_OBJC_LITERAL_CONVERSION = YES;
				CLANG_WARN_OBJC_ROOT_CLASS = YES_ERROR;
				CLANG_WARN_RANGE_LOOP_ANALYSIS = YES;
				CLANG_WARN_STRICT_PROTOTYPES = YES;
				CLANG_WARN_SUSPICIOUS_MOVE = YES;
				CLANG_WARN_UNGUARDED_AVAILABILITY = YES_AGGRESSIVE;
				CLANG_WARN_UNREACHABLE_CODE = YES;
				CLANG_WARN__DUPLICATE_METHOD_MATCH = YES;
				CODE_SIGN_IDENTITY = "iPhone Developer";
				COPY_PHASE_STRIP = NO;
				DEBUG_INFORMATION_FORMAT = dwarf;
				ENABLE_STRICT_OBJC_MSGSEND = YES;
				ENABLE_TESTABILITY = YES;
				GCC_C_LANGUAGE_STANDARD = gnu11;
				GCC_DYNAMIC_NO_PIC = NO;
				GCC_NO_COMMON_BLOCKS = YES;
				GCC_OPTIMIZATION_LEVEL = 0;
				GCC_PREPROCESSOR_DEFINITIONS = (
					"DEBUG=1",
					"$(inherited)",
				);
				GCC_WARN_64_TO_32_BIT_CONVERSION = YES;
				GCC_WARN_ABOUT_RETURN_TYPE = YES_ERROR;
				GCC_WARN_UNDECLARED_SELECTOR = YES;
				GCC_WARN_UNINITIALIZED_AUTOS = YES_AGGRESSIVE;
				GCC_WARN_UNUSED_FUNCTION = YES;
				GCC_WARN_UNUSED_VARIABLE = YES;
				IPHONEOS_DEPLOYMENT_TARGET = 11.2;
				MTL_ENABLE_DEBUG_INFO = YES;
				ONLY_ACTIVE_ARCH = YES;
				SDKROOT = iphoneos;
				SWIFT_ACTIVE_COMPILATION_CONDITIONS = DEBUG;
				SWIFT_OPTIMIZATION_LEVEL = "-Onone";
			};
			name = Debug;
		};
		C07965B32058BE56007A18A9 /* Release */ = {
			isa = XCBuildConfiguration;
			buildSettings = {
				ALWAYS_SEARCH_USER_PATHS = NO;
				CLANG_ANALYZER_NONNULL = YES;
				CLANG_ANALYZER_NUMBER_OBJECT_CONVERSION = YES_AGGRESSIVE;
				CLANG_CXX_LANGUAGE_STANDARD = "gnu++14";
				CLANG_CXX_LIBRARY = "libc++";
				CLANG_ENABLE_MODULES = YES;
				CLANG_ENABLE_OBJC_ARC = YES;
				CLANG_WARN_BLOCK_CAPTURE_AUTORELEASING = YES;
				CLANG_WARN_BOOL_CONVERSION = YES;
				CLANG_WARN_COMMA = YES;
				CLANG_WARN_CONSTANT_CONVERSION = YES;
				CLANG_WARN_DIRECT_OBJC_ISA_USAGE = YES_ERROR;
				CLANG_WARN_DOCUMENTATION_COMMENTS = YES;
				CLANG_WARN_EMPTY_BODY = YES;
				CLANG_WARN_ENUM_CONVERSION = YES;
				CLANG_WARN_INFINITE_RECURSION = YES;
				CLANG_WARN_INT_CONVERSION = YES;
				CLANG_WARN_NON_LITERAL_NULL_CONVERSION = YES;
				CLANG_WARN_OBJC_LITERAL_CONVERSION = YES;
				CLANG_WARN_OBJC_ROOT_CLASS = YES_ERROR;
				CLANG_WARN_RANGE_LOOP_ANALYSIS = YES;
				CLANG_WARN_STRICT_PROTOTYPES = YES;
				CLANG_WARN_SUSPICIOUS_MOVE = YES;
				CLANG_WARN_UNGUARDED_AVAILABILITY = YES_AGGRESSIVE;
				CLANG_WARN_UNREACHABLE_CODE = YES;
				CLANG_WARN__DUPLICATE_METHOD_MATCH = YES;
				CODE_SIGN_IDENTITY = "iPhone Developer";
				COPY_PHASE_STRIP = NO;
				DEBUG_INFORMATION_FORMAT = "dwarf-with-dsym";
				ENABLE_NS_ASSERTIONS = NO;
				ENABLE_STRICT_OBJC_MSGSEND = YES;
				GCC_C_LANGUAGE_STANDARD = gnu11;
				GCC_NO_COMMON_BLOCKS = YES;
				GCC_WARN_64_TO_32_BIT_CONVERSION = YES;
				GCC_WARN_ABOUT_RETURN_TYPE = YES_ERROR;
				GCC_WARN_UNDECLARED_SELECTOR = YES;
				GCC_WARN_UNINITIALIZED_AUTOS = YES_AGGRESSIVE;
				GCC_WARN_UNUSED_FUNCTION = YES;
				GCC_WARN_UNUSED_VARIABLE = YES;
				IPHONEOS_DEPLOYMENT_TARGET = 11.2;
				MTL_ENABLE_DEBUG_INFO = NO;
				SDKROOT = iphoneos;
				SWIFT_OPTIMIZATION_LEVEL = "-Owholemodule";
				VALIDATE_PRODUCT = YES;
			};
			name = Release;
		};
		C07965B52058BE56007A18A9 /* Debug */ = {
			isa = XCBuildConfiguration;
			baseConfigurationReference = F374D625988C34DCD4EB8132 /* Pods-ChatApp-ChatApp.debug.xcconfig */;
			buildSettings = {
				ASSETCATALOG_COMPILER_APPICON_NAME = AppIcon;
				CODE_SIGN_STYLE = Automatic;
				DEVELOPMENT_TEAM = Y6E5SAVQ56;
				INFOPLIST_FILE = ChatApp/Info.plist;
				LD_RUNPATH_SEARCH_PATHS = "$(inherited) @executable_path/Frameworks";
				PRODUCT_BUNDLE_IDENTIFIER = com.example.ChatApp;
				PRODUCT_NAME = "$(TARGET_NAME)";
				SWIFT_VERSION = 4.0;
				TARGETED_DEVICE_FAMILY = "1,2";
			};
			name = Debug;
		};
		C07965B62058BE56007A18A9 /* Release */ = {
			isa = XCBuildConfiguration;
			baseConfigurationReference = C1DDA13DD2FC7D988E3C191F /* Pods-ChatApp-ChatApp.release.xcconfig */;
			buildSettings = {
				ASSETCATALOG_COMPILER_APPICON_NAME = AppIcon;
				CODE_SIGN_STYLE = Automatic;
				DEVELOPMENT_TEAM = Y6E5SAVQ56;
				INFOPLIST_FILE = ChatApp/Info.plist;
				LD_RUNPATH_SEARCH_PATHS = "$(inherited) @executable_path/Frameworks";
				PRODUCT_BUNDLE_IDENTIFIER = com.example.ChatApp;
				PRODUCT_NAME = "$(TARGET_NAME)";
				SWIFT_VERSION = 4.0;
				TARGETED_DEVICE_FAMILY = "1,2";
			};
			name = Release;
		};
		C07965B82058BE56007A18A9 /* Debug */ = {
			isa = XCBuildConfiguration;
			buildSettings = {
				ALWAYS_EMBED_SWIFT_STANDARD_LIBRARIES = YES;
				BUNDLE_LOADER = "$(TEST_HOST)";
				CODE_SIGN_STYLE = Automatic;
				DEVELOPMENT_TEAM = Y6E5SAVQ56;
				INFOPLIST_FILE = ChatAppTests/Info.plist;
				LD_RUNPATH_SEARCH_PATHS = "$(inherited) @executable_path/Frameworks @loader_path/Frameworks";
				PRODUCT_BUNDLE_IDENTIFIER = com.example.ChatAppTests;
				PRODUCT_NAME = "$(TARGET_NAME)";
				SWIFT_VERSION = 4.0;
				TARGETED_DEVICE_FAMILY = "1,2";
				TEST_HOST = "$(BUILT_PRODUCTS_DIR)/ChatApp.app/ChatApp";
			};
			name = Debug;
		};
		C07965B92058BE56007A18A9 /* Release */ = {
			isa = XCBuildConfiguration;
			buildSettings = {
				ALWAYS_EMBED_SWIFT_STANDARD_LIBRARIES = YES;
				BUNDLE_LOADER = "$(TEST_HOST)";
				CODE_SIGN_STYLE = Automatic;
				DEVELOPMENT_TEAM = Y6E5SAVQ56;
				INFOPLIST_FILE = ChatAppTests/Info.plist;
				LD_RUNPATH_SEARCH_PATHS = "$(inherited) @executable_path/Frameworks @loader_path/Frameworks";
				PRODUCT_BUNDLE_IDENTIFIER = com.example.ChatAppTests;
				PRODUCT_NAME = "$(TARGET_NAME)";
				SWIFT_VERSION = 4.0;
				TARGETED_DEVICE_FAMILY = "1,2";
				TEST_HOST = "$(BUILT_PRODUCTS_DIR)/ChatApp.app/ChatApp";
			};
			name = Release;
		};
		C07965BB2058BE56007A18A9 /* Debug */ = {
			isa = XCBuildConfiguration;
			buildSettings = {
				ALWAYS_EMBED_SWIFT_STANDARD_LIBRARIES = YES;
				CODE_SIGN_STYLE = Automatic;
				DEVELOPMENT_TEAM = Y6E5SAVQ56;
				INFOPLIST_FILE = ChatAppUITests/Info.plist;
				LD_RUNPATH_SEARCH_PATHS = "$(inherited) @executable_path/Frameworks @loader_path/Frameworks";
				PRODUCT_BUNDLE_IDENTIFIER = com.example.ChatAppUITests;
				PRODUCT_NAME = "$(TARGET_NAME)";
				SWIFT_VERSION = 4.0;
				TARGETED_DEVICE_FAMILY = "1,2";
				TEST_TARGET_NAME = ChatApp;
			};
			name = Debug;
		};
		C07965BC2058BE56007A18A9 /* Release */ = {
			isa = XCBuildConfiguration;
			buildSettings = {
				ALWAYS_EMBED_SWIFT_STANDARD_LIBRARIES = YES;
				CODE_SIGN_STYLE = Automatic;
				DEVELOPMENT_TEAM = Y6E5SAVQ56;
				INFOPLIST_FILE = ChatAppUITests/Info.plist;
				LD_RUNPATH_SEARCH_PATHS = "$(inherited) @executable_path/Frameworks @loader_path/Frameworks";
				PRODUCT_BUNDLE_IDENTIFIER = com.example.ChatAppUITests;
				PRODUCT_NAME = "$(TARGET_NAME)";
				SWIFT_VERSION = 4.0;
				TARGETED_DEVICE_FAMILY = "1,2";
				TEST_TARGET_NAME = ChatApp;
			};
			name = Release;
		};
/* End XCBuildConfiguration section */

/* Begin XCConfigurationList section */
		C07965872058BE55007A18A9 /* Build configuration list for PBXProject "ChatApp" */ = {
			isa = XCConfigurationList;
			buildConfigurations = (
				C07965B22058BE56007A18A9 /* Debug */,
				C07965B32058BE56007A18A9 /* Release */,
			);
			defaultConfigurationIsVisible = 0;
			defaultConfigurationName = Release;
		};
		C07965B42058BE56007A18A9 /* Build configuration list for PBXNativeTarget "ChatApp" */ = {
			isa = XCConfigurationList;
			buildConfigurations = (
				C07965B52058BE56007A18A9 /* Debug */,
				C07965B62058BE56007A18A9 /* Release */,
			);
			defaultConfigurationIsVisible = 0;
			defaultConfigurationName = Release;
		};
		C07965B72058BE56007A18A9 /* Build configuration list for PBXNativeTarget "ChatAppTests" */ = {
			isa = XCConfigurationList;
			buildConfigurations = (
				C07965B82058BE56007A18A9 /* Debug */,
				C07965B92058BE56007A18A9 /* Release */,
			);
			defaultConfigurationIsVisible = 0;
			defaultConfigurationName = Release;
		};
		C07965BA2058BE56007A18A9 /* Build configuration list for PBXNativeTarget "ChatAppUITests" */ = {
			isa = XCConfigurationList;
			buildConfigurations = (
				C07965BB2058BE56007A18A9 /* Debug */,
				C07965BC2058BE56007A18A9 /* Release */,
			);
			defaultConfigurationIsVisible = 0;
			defaultConfigurationName = Release;
		};
/* End XCConfigurationList section */
	};
	rootObject = C07965842058BE55007A18A9 /* Project object */;
}
